// !$*UTF8*$!
{
	archiveVersion = 1;
	classes = {
	};
	objectVersion = 46;
	objects = {

/* Begin PBXBuildFile section */
		261213551D2B74BC000DC344 /* Card.m in Sources */ = {isa = PBXBuildFile; fileRef = 261213541D2B74BC000DC344 /* Card.m */; };
		261213591D2B7607000DC344 /* Deck.m in Sources */ = {isa = PBXBuildFile; fileRef = 261213581D2B7607000DC344 /* Deck.m */; };
		2612135C1D2B7CD6000DC344 /* PlayingCard.m in Sources */ = {isa = PBXBuildFile; fileRef = 2612135B1D2B7CD6000DC344 /* PlayingCard.m */; };
		A1CC31D41D2388CB00E3D71E /* main.m in Sources */ = {isa = PBXBuildFile; fileRef = A1CC31D31D2388CB00E3D71E /* main.m */; };
		A1CC31D71D2388CB00E3D71E /* AppDelegate.m in Sources */ = {isa = PBXBuildFile; fileRef = A1CC31D61D2388CB00E3D71E /* AppDelegate.m */; };
		A1CC31DA1D2388CB00E3D71E /* ViewController.m in Sources */ = {isa = PBXBuildFile; fileRef = A1CC31D91D2388CB00E3D71E /* ViewController.m */; };
		A1CC31DD1D2388CB00E3D71E /* Main.storyboard in Resources */ = {isa = PBXBuildFile; fileRef = A1CC31DB1D2388CB00E3D71E /* Main.storyboard */; };
		A1CC31DF1D2388CB00E3D71E /* Assets.xcassets in Resources */ = {isa = PBXBuildFile; fileRef = A1CC31DE1D2388CB00E3D71E /* Assets.xcassets */; };
		A1CC31E21D2388CB00E3D71E /* LaunchScreen.storyboard in Resources */ = {isa = PBXBuildFile; fileRef = A1CC31E01D2388CB00E3D71E /* LaunchScreen.storyboard */; };
/* End PBXBuildFile section */

/* Begin PBXFileReference section */
		261213531D2B74BC000DC344 /* Card.h */ = {isa = PBXFileReference; fileEncoding = 4; lastKnownFileType = sourcecode.c.h; name = Card.h; path = Model/Card.h; sourceTree = "<group>"; };
		261213541D2B74BC000DC344 /* Card.m */ = {isa = PBXFileReference; fileEncoding = 4; lastKnownFileType = sourcecode.c.objc; name = Card.m; path = Model/Card.m; sourceTree = "<group>"; };
		261213571D2B7607000DC344 /* Deck.h */ = {isa = PBXFileReference; fileEncoding = 4; lastKnownFileType = sourcecode.c.h; name = Deck.h; path = Model/Deck.h; sourceTree = "<group>"; };
		261213581D2B7607000DC344 /* Deck.m */ = {isa = PBXFileReference; fileEncoding = 4; lastKnownFileType = sourcecode.c.objc; name = Deck.m; path = Model/Deck.m; sourceTree = "<group>"; };
		2612135A1D2B7CD6000DC344 /* PlayingCard.h */ = {isa = PBXFileReference; fileEncoding = 4; lastKnownFileType = sourcecode.c.h; name = PlayingCard.h; path = HS_Matchismo_ios/Model/PlayingCard.h; sourceTree = "<group>"; };
		2612135B1D2B7CD6000DC344 /* PlayingCard.m */ = {isa = PBXFileReference; fileEncoding = 4; lastKnownFileType = sourcecode.c.objc; name = PlayingCard.m; path = HS_Matchismo_ios/Model/PlayingCard.m; sourceTree = "<group>"; };
		A1CC31CF1D2388CA00E3D71E /* HS_Matchismo_ios.app */ = {isa = PBXFileReference; explicitFileType = wrapper.application; includeInIndex = 0; path = HS_Matchismo_ios.app; sourceTree = BUILT_PRODUCTS_DIR; };
		A1CC31D31D2388CB00E3D71E /* main.m */ = {isa = PBXFileReference; lastKnownFileType = sourcecode.c.objc; path = main.m; sourceTree = "<group>"; };
		A1CC31D51D2388CB00E3D71E /* AppDelegate.h */ = {isa = PBXFileReference; lastKnownFileType = sourcecode.c.h; path = AppDelegate.h; sourceTree = "<group>"; };
		A1CC31D61D2388CB00E3D71E /* AppDelegate.m */ = {isa = PBXFileReference; lastKnownFileType = sourcecode.c.objc; path = AppDelegate.m; sourceTree = "<group>"; };
		A1CC31D81D2388CB00E3D71E /* ViewController.h */ = {isa = PBXFileReference; lastKnownFileType = sourcecode.c.h; path = ViewController.h; sourceTree = "<group>"; };
		A1CC31D91D2388CB00E3D71E /* ViewController.m */ = {isa = PBXFileReference; lastKnownFileType = sourcecode.c.objc; path = ViewController.m; sourceTree = "<group>"; };
		A1CC31DC1D2388CB00E3D71E /* Base */ = {isa = PBXFileReference; lastKnownFileType = file.storyboard; name = Base; path = Base.lproj/Main.storyboard; sourceTree = "<group>"; };
		A1CC31DE1D2388CB00E3D71E /* Assets.xcassets */ = {isa = PBXFileReference; lastKnownFileType = folder.assetcatalog; path = Assets.xcassets; sourceTree = "<group>"; };
		A1CC31E11D2388CB00E3D71E /* Base */ = {isa = PBXFileReference; lastKnownFileType = file.storyboard; name = Base; path = Base.lproj/LaunchScreen.storyboard; sourceTree = "<group>"; };
		A1CC31E31D2388CB00E3D71E /* Info.plist */ = {isa = PBXFileReference; lastKnownFileType = text.plist.xml; path = Info.plist; sourceTree = "<group>"; };
/* End PBXFileReference section */

/* Begin PBXFrameworksBuildPhase section */
		A1CC31CC1D2388CA00E3D71E /* Frameworks */ = {
			isa = PBXFrameworksBuildPhase;
			buildActionMask = 2147483647;
			files = (
			);
			runOnlyForDeploymentPostprocessing = 0;
		};
/* End PBXFrameworksBuildPhase section */

/* Begin PBXGroup section */
		261213561D2B74C5000DC344 /* Model */ = {
			isa = PBXGroup;
			children = (
				261213531D2B74BC000DC344 /* Card.h */,
				261213541D2B74BC000DC344 /* Card.m */,
				261213571D2B7607000DC344 /* Deck.h */,
				261213581D2B7607000DC344 /* Deck.m */,
			);
			name = Model;
			sourceTree = "<group>";
		};
		A1CC31C61D2388CA00E3D71E = {
			isa = PBXGroup;
			children = (
				2612135A1D2B7CD6000DC344 /* PlayingCard.h */,
				2612135B1D2B7CD6000DC344 /* PlayingCard.m */,
				A1CC31D11D2388CB00E3D71E /* HS_Matchismo_ios */,
				A1CC31D01D2388CA00E3D71E /* Products */,
			);
			sourceTree = "<group>";
		};
		A1CC31D01D2388CA00E3D71E /* Products */ = {
			isa = PBXGroup;
			children = (
				A1CC31CF1D2388CA00E3D71E /* HS_Matchismo_ios.app */,
			);
			name = Products;
			sourceTree = "<group>";
		};
		A1CC31D11D2388CB00E3D71E /* HS_Matchismo_ios */ = {
			isa = PBXGroup;
			children = (
				261213561D2B74C5000DC344 /* Model */,
				A1CC31D81D2388CB00E3D71E /* ViewController.h */,
				A1CC31D91D2388CB00E3D71E /* ViewController.m */,
				A1CC31DB1D2388CB00E3D71E /* Main.storyboard */,
				A1CC31DE1D2388CB00E3D71E /* Assets.xcassets */,
				A1CC31E01D2388CB00E3D71E /* LaunchScreen.storyboard */,
				A1CC31D21D2388CB00E3D71E /* Supporting Files */,
			);
			path = HS_Matchismo_ios;
			sourceTree = "<group>";
		};
		A1CC31D21D2388CB00E3D71E /* Supporting Files */ = {
			isa = PBXGroup;
			children = (
				A1CC31E31D2388CB00E3D71E /* Info.plist */,
				A1CC31D51D2388CB00E3D71E /* AppDelegate.h */,
				A1CC31D61D2388CB00E3D71E /* AppDelegate.m */,
				A1CC31D31D2388CB00E3D71E /* main.m */,
			);
			name = "Supporting Files";
			sourceTree = "<group>";
		};
/* End PBXGroup section */

/* Begin PBXNativeTarget section */
		A1CC31CE1D2388CA00E3D71E /* HS_Matchismo_ios */ = {
			isa = PBXNativeTarget;
			buildConfigurationList = A1CC31E61D2388CB00E3D71E /* Build configuration list for PBXNativeTarget "HS_Matchismo_ios" */;
			buildPhases = (
				A1CC31CB1D2388CA00E3D71E /* Sources */,
				A1CC31CC1D2388CA00E3D71E /* Frameworks */,
				A1CC31CD1D2388CA00E3D71E /* Resources */,
			);
			buildRules = (
			);
			dependencies = (
			);
			name = HS_Matchismo_ios;
			productName = HS_Matchismo_ios;
			productReference = A1CC31CF1D2388CA00E3D71E /* HS_Matchismo_ios.app */;
			productType = "com.apple.product-type.application";
		};
/* End PBXNativeTarget section */

/* Begin PBXProject section */
		A1CC31C71D2388CA00E3D71E /* Project object */ = {
			isa = PBXProject;
			attributes = {
				LastUpgradeCheck = 0730;
				ORGANIZATIONNAME = RaeHunter;
				TargetAttributes = {
					A1CC31CE1D2388CA00E3D71E = {
						CreatedOnToolsVersion = 7.3.1;
					};
				};
			};
			buildConfigurationList = A1CC31CA1D2388CA00E3D71E /* Build configuration list for PBXProject "HS_Matchismo_ios" */;
			compatibilityVersion = "Xcode 3.2";
			developmentRegion = English;
			hasScannedForEncodings = 0;
			knownRegions = (
				en,
				Base,
			);
			mainGroup = A1CC31C61D2388CA00E3D71E;
			productRefGroup = A1CC31D01D2388CA00E3D71E /* Products */;
			projectDirPath = "";
			projectRoot = "";
			targets = (
				A1CC31CE1D2388CA00E3D71E /* HS_Matchismo_ios */,
			);
		};
/* End PBXProject section */

/* Begin PBXResourcesBuildPhase section */
		A1CC31CD1D2388CA00E3D71E /* Resources */ = {
			isa = PBXResourcesBuildPhase;
			buildActionMask = 2147483647;
			files = (
				A1CC31E21D2388CB00E3D71E /* LaunchScreen.storyboard in Resources */,
				A1CC31DF1D2388CB00E3D71E /* Assets.xcassets in Resources */,
				A1CC31DD1D2388CB00E3D71E /* Main.storyboard in Resources */,
			);
			runOnlyForDeploymentPostprocessing = 0;
		};
/* End PBXResourcesBuildPhase section */

/* Begin PBXSourcesBuildPhase section */
		A1CC31CB1D2388CA00E3D71E /* Sources */ = {
			isa = PBXSourcesBuildPhase;
			buildActionMask = 2147483647;
			files = (
				2612135C1D2B7CD6000DC344 /* PlayingCard.m in Sources */,
				261213591D2B7607000DC344 /* Deck.m in Sources */,
				A1CC31DA1D2388CB00E3D71E /* ViewController.m in Sources */,
				A1CC31D71D2388CB00E3D71E /* AppDelegate.m in Sources */,
				A1CC31D41D2388CB00E3D71E /* main.m in Sources */,
				261213551D2B74BC000DC344 /* Card.m in Sources */,
			);
			runOnlyForDeploymentPostprocessing = 0;
		};
/* End PBXSourcesBuildPhase section */

/* Begin PBXVariantGroup section */
		A1CC31DB1D2388CB00E3D71E /* Main.storyboard */ = {
			isa = PBXVariantGroup;
			children = (
				A1CC31DC1D2388CB00E3D71E /* Base */,
			);
			name = Main.storyboard;
			sourceTree = "<group>";
		};
		A1CC31E01D2388CB00E3D71E /* LaunchScreen.storyboard */ = {
			isa = PBXVariantGroup;
			children = (
				A1CC31E11D2388CB00E3D71E /* Base */,
			);
			name = LaunchScreen.storyboard;
			sourceTree = "<group>";
		};
/* End PBXVariantGroup section */

/* Begin XCBuildConfiguration section */
		A1CC31E41D2388CB00E3D71E /* Debug */ = {
			isa = XCBuildConfiguration;
			buildSettings = {
				ALWAYS_SEARCH_USER_PATHS = NO;
				CLANG_ANALYZER_NONNULL = YES;
				CLANG_CXX_LANGUAGE_STANDARD = "gnu++0x";
				CLANG_CXX_LIBRARY = "libc++";
				CLANG_ENABLE_MODULES = YES;
				CLANG_ENABLE_OBJC_ARC = YES;
				CLANG_WARN_BOOL_CONVERSION = YES;
				CLANG_WARN_CONSTANT_CONVERSION = YES;
				CLANG_WARN_DIRECT_OBJC_ISA_USAGE = YES_ERROR;
				CLANG_WARN_EMPTY_BODY = YES;
				CLANG_WARN_ENUM_CONVERSION = YES;
				CLANG_WARN_INT_CONVERSION = YES;
				CLANG_WARN_OBJC_ROOT_CLASS = YES_ERROR;
				CLANG_WARN_UNREACHABLE_CODE = YES;
				CLANG_WARN__DUPLICATE_METHOD_MATCH = YES;
				"CODE_SIGN_IDENTITY[sdk=iphoneos*]" = "iPhone Developer";
				COPY_PHASE_STRIP = NO;
				DEBUG_INFORMATION_FORMAT = dwarf;
				ENABLE_STRICT_OBJC_MSGSEND = YES;
				ENABLE_TESTABILITY = YES;
				GCC_C_LANGUAGE_STANDARD = gnu99;
				GCC_DYNAMIC_NO_PIC = NO;
				GCC_NO_COMMON_BLOCKS = YES;
				GCC_OPTIMIZATION_LEVEL = 0;
				GCC_PREPROCESSOR_DEFINITIONS = (
					"DEBUG=1",
					"$(inherited)",
				);
				GCC_WARN_64_TO_32_BIT_CONVERSION = YES;
				GCC_WARN_ABOUT_RETURN_TYPE = YES_ERROR;
				GCC_WARN_UNDECLARED_SELECTOR = YES;
				GCC_WARN_UNINITIALIZED_AUTOS = YES_AGGRESSIVE;
				GCC_WARN_UNUSED_FUNCTION = YES;
				GCC_WARN_UNUSED_VARIABLE = YES;
				IPHONEOS_DEPLOYMENT_TARGET = 9.3;
				MTL_ENABLE_DEBUG_INFO = YES;
				ONLY_ACTIVE_ARCH = YES;
				SDKROOT = iphoneos;
				TARGETED_DEVICE_FAMILY = "1,2";
			};
			name = Debug;
		};
		A1CC31E51D2388CB00E3D71E /* Release */ = {
			isa = XCBuildConfiguration;
			buildSettings = {
				ALWAYS_SEARCH_USER_PATHS = NO;
				CLANG_ANALYZER_NONNULL = YES;
				CLANG_CXX_LANGUAGE_STANDARD = "gnu++0x";
				CLANG_CXX_LIBRARY = "libc++";
				CLANG_ENABLE_MODULES = YES;
				CLANG_ENABLE_OBJC_ARC = YES;
				CLANG_WARN_BOOL_CONVERSION = YES;
				CLANG_WARN_CONSTANT_CONVERSION = YES;
				CLANG_WARN_DIRECT_OBJC_ISA_USAGE = YES_ERROR;
				CLANG_WARN_EMPTY_BODY = YES;
				CLANG_WARN_ENUM_CONVERSION = YES;
				CLANG_WARN_INT_CONVERSION = YES;
				CLANG_WARN_OBJC_ROOT_CLASS = YES_ERROR;
				CLANG_WARN_UNREACHABLE_CODE = YES;
				CLANG_WARN__DUPLICATE_METHOD_MATCH = YES;
				"CODE_SIGN_IDENTITY[sdk=iphoneos*]" = "iPhone Developer";
				COPY_PHASE_STRIP = NO;
				DEBUG_INFORMATION_FORMAT = "dwarf-with-dsym";
				ENABLE_NS_ASSERTIONS = NO;
				ENABLE_STRICT_OBJC_MSGSEND = YES;
				GCC_C_LANGUAGE_STANDARD = gnu99;
				GCC_NO_COMMON_BLOCKS = YES;
				GCC_WARN_64_TO_32_BIT_CONVERSION = YES;
				GCC_WARN_ABOUT_RETURN_TYPE = YES_ERROR;
				GCC_WARN_UNDECLARED_SELECTOR = YES;
				GCC_WARN_UNINITIALIZED_AUTOS = YES_AGGRESSIVE;
				GCC_WARN_UNUSED_FUNCTION = YES;
				GCC_WARN_UNUSED_VARIABLE = YES;
				IPHONEOS_DEPLOYMENT_TARGET = 9.3;
				MTL_ENABLE_DEBUG_INFO = NO;
				SDKROOT = iphoneos;
				TARGETED_DEVICE_FAMILY = "1,2";
				VALIDATE_PRODUCT = YES;
			};
			name = Release;
		};
		A1CC31E71D2388CB00E3D71E /* Debug */ = {
			isa = XCBuildConfiguration;
			buildSettings = {
				ASSETCATALOG_COMPILER_APPICON_NAME = AppIcon;
				INFOPLIST_FILE = HS_Matchismo_ios/Info.plist;
				LD_RUNPATH_SEARCH_PATHS = "$(inherited) @executable_path/Frameworks";
				PRODUCT_BUNDLE_IDENTIFIER = "rae.hunter.HS-Matchismo-ios";
				PRODUCT_NAME = "$(TARGET_NAME)";
			};
			name = Debug;
		};
		A1CC31E81D2388CB00E3D71E /* Release */ = {
			isa = XCBuildConfiguration;
			buildSettings = {
				ASSETCATALOG_COMPILER_APPICON_NAME = AppIcon;
				INFOPLIST_FILE = HS_Matchismo_ios/Info.plist;
				LD_RUNPATH_SEARCH_PATHS = "$(inherited) @executable_path/Frameworks";
				PRODUCT_BUNDLE_IDENTIFIER = "rae.hunter.HS-Matchismo-ios";
				PRODUCT_NAME = "$(TARGET_NAME)";
			};
			name = Release;
		};
/* End XCBuildConfiguration section */

/* Begin XCConfigurationList section */
		A1CC31CA1D2388CA00E3D71E /* Build configuration list for PBXProject "HS_Matchismo_ios" */ = {
			isa = XCConfigurationList;
			buildConfigurations = (
				A1CC31E41D2388CB00E3D71E /* Debug */,
				A1CC31E51D2388CB00E3D71E /* Release */,
			);
			defaultConfigurationIsVisible = 0;
			defaultConfigurationName = Release;
		};
		A1CC31E61D2388CB00E3D71E /* Build configuration list for PBXNativeTarget "HS_Matchismo_ios" */ = {
			isa = XCConfigurationList;
			buildConfigurations = (
				A1CC31E71D2388CB00E3D71E /* Debug */,
				A1CC31E81D2388CB00E3D71E /* Release */,
			);
			defaultConfigurationIsVisible = 0;
			defaultConfigurationName = Release;
		};
/* End XCConfigurationList section */
	};
	rootObject = A1CC31C71D2388CA00E3D71E /* Project object */;
}
